
Microsoft Visual Studio Solution File, Format Version 12.00
# Visual Studio 2012
Project("{8BC9CEB8-8B4A-11D0-8D11-00A0C91BC942}") = "RecognitionSystem", "RecognitionSystem\RecognitionSystem.vcxproj", "{F0393019-A5D6-4A62-ACE6-B3B98F7929DA}"
EndProject
Global
	GlobalSection(SolutionConfigurationPlatforms) = preSolution
		Debug|Win32 = Debug|Win32
		Release|Win32 = Release|Win32
	EndGlobalSection
	GlobalSection(ProjectConfigurationPlatforms) = postSolution
		{F0393019-A5D6-4A62-ACE6-B3B98F7929DA}.Debug|Win32.ActiveCfg = Debug|Win32
		{F0393019-A5D6-4A62-ACE6-B3B98F7929DA}.Debug|Win32.Build.0 = Debug|Win32
		{F0393019-A5D6-4A62-ACE6-B3B98F7929DA}.Release|Win32.ActiveCfg = Release|Win32
		{F0393019-A5D6-4A62-ACE6-B3B98F7929DA}.Release|Win32.Build.0 = Release|Win32
	EndGlobalSection
	GlobalSection(SolutionProperties) = preSolution
		HideSolutionNode = FALSE
	EndGlobalSection
	GlobalSection(Performance) = preSolution
		HasPerformanceSessions = true
	EndGlobalSection
EndGlobal
